
Microsoft Visual Studio Solution File, Format Version 12.00
# Visual Studio Version 17
VisualStudioVersion = 17.8.34330.188
MinimumVisualStudioVersion = 10.0.40219.1
Project("{FAE04EC0-301F-11D3-BF4B-00C04F79EFBC}") = "VeterinariaOnlineApi.WebApi", "VeterinariaOnlineApi.WebApi\VeterinariaOnlineApi.WebApi.csproj", "{91B25C04-3472-483A-808C-12FC3FF56AC2}"
EndProject
Project("{FAE04EC0-301F-11D3-BF4B-00C04F79EFBC}") = "VeterinariaOnlineApi.Infraestructura", "VeterinariaOnlineApi.Infraestructura\VeterinariaOnlineApi.Infraestructura.csproj", "{ED8DED70-40BF-43B7-8C79-A385B91D7E8E}"
EndProject
Project("{FAE04EC0-301F-11D3-BF4B-00C04F79EFBC}") = "VeterinariaOnlineApi.Core", "VeterinariaOnlineApi.Model\VeterinariaOnlineApi.Core.csproj", "{5A61108F-AC6F-4E84-B12A-D688008E5183}"
EndProject
Global
	GlobalSection(SolutionConfigurationPlatforms) = preSolution
		Debug|Any CPU = Debug|Any CPU
		Release|Any CPU = Release|Any CPU
	EndGlobalSection
	GlobalSection(ProjectConfigurationPlatforms) = postSolution
		{91B25C04-3472-483A-808C-12FC3FF56AC2}.Debug|Any CPU.ActiveCfg = Debug|Any CPU
		{91B25C04-3472-483A-808C-12FC3FF56AC2}.Debug|Any CPU.Build.0 = Debug|Any CPU
		{91B25C04-3472-483A-808C-12FC3FF56AC2}.Release|Any CPU.ActiveCfg = Release|Any CPU
		{91B25C04-3472-483A-808C-12FC3FF56AC2}.Release|Any CPU.Build.0 = Release|Any CPU
		{ED8DED70-40BF-43B7-8C79-A385B91D7E8E}.Debug|Any CPU.ActiveCfg = Debug|Any CPU
		{ED8DED70-40BF-43B7-8C79-A385B91D7E8E}.Debug|Any CPU.Build.0 = Debug|Any CPU
		{ED8DED70-40BF-43B7-8C79-A385B91D7E8E}.Release|Any CPU.ActiveCfg = Release|Any CPU
		{ED8DED70-40BF-43B7-8C79-A385B91D7E8E}.Release|Any CPU.Build.0 = Release|Any CPU
		{5A61108F-AC6F-4E84-B12A-D688008E5183}.Debug|Any CPU.ActiveCfg = Debug|Any CPU
		{5A61108F-AC6F-4E84-B12A-D688008E5183}.Debug|Any CPU.Build.0 = Debug|Any CPU
		{5A61108F-AC6F-4E84-B12A-D688008E5183}.Release|Any CPU.ActiveCfg = Release|Any CPU
		{5A61108F-AC6F-4E84-B12A-D688008E5183}.Release|Any CPU.Build.0 = Release|Any CPU
	EndGlobalSection
	GlobalSection(SolutionProperties) = preSolution
		HideSolutionNode = FALSE
	EndGlobalSection
	GlobalSection(ExtensibilityGlobals) = postSolution
		SolutionGuid = {8BFAD8A9-F98E-482E-9ED3-24ABB8713532}
	EndGlobalSection
EndGlobal
